
Microsoft Visual Studio Solution File, Format Version 12.00
# Visual Studio Version 17
VisualStudioVersion = 17.9.34622.214
MinimumVisualStudioVersion = 10.0.40219.1
Project("{FAE04EC0-301F-11D3-BF4B-00C04F79EFBC}") = "RabbitMQDemo.API", "RabbitMQDemo.API\RabbitMQDemo.API.csproj", "{73EE42A3-432C-444A-878B-D8BC3255A87C}"
EndProject
Global
	GlobalSection(SolutionConfigurationPlatforms) = preSolution
		Debug|Any CPU = Debug|Any CPU
		Release|Any CPU = Release|Any CPU
	EndGlobalSection
	GlobalSection(ProjectConfigurationPlatforms) = postSolution
		{73EE42A3-432C-444A-878B-D8BC3255A87C}.Debug|Any CPU.ActiveCfg = Debug|Any CPU
		{73EE42A3-432C-444A-878B-D8BC3255A87C}.Debug|Any CPU.Build.0 = Debug|Any CPU
		{73EE42A3-432C-444A-878B-D8BC3255A87C}.Release|Any CPU.ActiveCfg = Release|Any CPU
		{73EE42A3-432C-444A-878B-D8BC3255A87C}.Release|Any CPU.Build.0 = Release|Any CPU
	EndGlobalSection
	GlobalSection(SolutionProperties) = preSolution
		HideSolutionNode = FALSE
	EndGlobalSection
	GlobalSection(ExtensibilityGlobals) = postSolution
		SolutionGuid = {15C187D1-87AA-4002-9541-C6F347166898}
	EndGlobalSection
EndGlobal
